
Microsoft Visual Studio Solution File, Format Version 12.00
# Visual Studio 2012
Project("{F184B08F-C81C-45F6-A57F-5ABD9991F28F}") = "4 - Repositorio", "4 - Repositorio\4 - Repositorio.vbproj", "{143B80FA-1700-4478-AB08-E04D75D6BEFE}"
EndProject
Project("{F184B08F-C81C-45F6-A57F-5ABD9991F28F}") = "3 - Dominio", "3 - Dominio\3 - Dominio.vbproj", "{B54283C5-D234-4F37-ADE6-5F13B6B7FA57}"
EndProject
Project("{F184B08F-C81C-45F6-A57F-5ABD9991F28F}") = "2 - Aplicacao", "2 - Aplicacao\2 - Aplicacao.vbproj", "{9F5C0609-8193-43A5-B243-2C8CBFB88F9B}"
EndProject
Project("{F184B08F-C81C-45F6-A57F-5ABD9991F28F}") = "1 - UI", "1 - UI\1 - UI.vbproj", "{07031979-C9C7-4AE4-AB9D-6A83D22A1D3A}"
EndProject
Project("{F184B08F-C81C-45F6-A57F-5ABD9991F28F}") = "5 - RepositorioEF", "5 - RepositorioEF\5 - RepositorioEF.vbproj", "{3BF42450-EF01-4E86-99FD-EBA9EE842A4F}"
EndProject
Global
	GlobalSection(SolutionConfigurationPlatforms) = preSolution
		Debug|Any CPU = Debug|Any CPU
		Release|Any CPU = Release|Any CPU
	EndGlobalSection
	GlobalSection(ProjectConfigurationPlatforms) = postSolution
		{143B80FA-1700-4478-AB08-E04D75D6BEFE}.Debug|Any CPU.ActiveCfg = Debug|Any CPU
		{143B80FA-1700-4478-AB08-E04D75D6BEFE}.Debug|Any CPU.Build.0 = Debug|Any CPU
		{143B80FA-1700-4478-AB08-E04D75D6BEFE}.Release|Any CPU.ActiveCfg = Release|Any CPU
		{143B80FA-1700-4478-AB08-E04D75D6BEFE}.Release|Any CPU.Build.0 = Release|Any CPU
		{B54283C5-D234-4F37-ADE6-5F13B6B7FA57}.Debug|Any CPU.ActiveCfg = Debug|Any CPU
		{B54283C5-D234-4F37-ADE6-5F13B6B7FA57}.Debug|Any CPU.Build.0 = Debug|Any CPU
		{B54283C5-D234-4F37-ADE6-5F13B6B7FA57}.Release|Any CPU.ActiveCfg = Release|Any CPU
		{B54283C5-D234-4F37-ADE6-5F13B6B7FA57}.Release|Any CPU.Build.0 = Release|Any CPU
		{9F5C0609-8193-43A5-B243-2C8CBFB88F9B}.Debug|Any CPU.ActiveCfg = Debug|Any CPU
		{9F5C0609-8193-43A5-B243-2C8CBFB88F9B}.Debug|Any CPU.Build.0 = Debug|Any CPU
		{9F5C0609-8193-43A5-B243-2C8CBFB88F9B}.Release|Any CPU.ActiveCfg = Release|Any CPU
		{9F5C0609-8193-43A5-B243-2C8CBFB88F9B}.Release|Any CPU.Build.0 = Release|Any CPU
		{07031979-C9C7-4AE4-AB9D-6A83D22A1D3A}.Debug|Any CPU.ActiveCfg = Debug|Any CPU
		{07031979-C9C7-4AE4-AB9D-6A83D22A1D3A}.Debug|Any CPU.Build.0 = Debug|Any CPU
		{07031979-C9C7-4AE4-AB9D-6A83D22A1D3A}.Release|Any CPU.ActiveCfg = Release|Any CPU
		{07031979-C9C7-4AE4-AB9D-6A83D22A1D3A}.Release|Any CPU.Build.0 = Release|Any CPU
		{3BF42450-EF01-4E86-99FD-EBA9EE842A4F}.Debug|Any CPU.ActiveCfg = Debug|Any CPU
		{3BF42450-EF01-4E86-99FD-EBA9EE842A4F}.Debug|Any CPU.Build.0 = Debug|Any CPU
		{3BF42450-EF01-4E86-99FD-EBA9EE842A4F}.Release|Any CPU.ActiveCfg = Release|Any CPU
		{3BF42450-EF01-4E86-99FD-EBA9EE842A4F}.Release|Any CPU.Build.0 = Release|Any CPU
	EndGlobalSection
	GlobalSection(SolutionProperties) = preSolution
		HideSolutionNode = FALSE
	EndGlobalSection
EndGlobal
